
Microsoft Visual Studio Solution File, Format Version 12.00
# Visual Studio Version 16
VisualStudioVersion = 16.0.30804.86
MinimumVisualStudioVersion = 10.0.40219.1
Project("{FAE04EC0-301F-11D3-BF4B-00C04F79EFBC}") = "Models", "Models\Models.csproj", "{1A98878A-0171-48E5-80B7-B2AC52F1430F}"
EndProject
Global
	GlobalSection(SolutionConfigurationPlatforms) = preSolution
		Debug|Any CPU = Debug|Any CPU
		Release|Any CPU = Release|Any CPU
	EndGlobalSection
	GlobalSection(ProjectConfigurationPlatforms) = postSolution
		{1A98878A-0171-48E5-80B7-B2AC52F1430F}.Debug|Any CPU.ActiveCfg = Debug|Any CPU
		{1A98878A-0171-48E5-80B7-B2AC52F1430F}.Debug|Any CPU.Build.0 = Debug|Any CPU
		{1A98878A-0171-48E5-80B7-B2AC52F1430F}.Release|Any CPU.ActiveCfg = Release|Any CPU
		{1A98878A-0171-48E5-80B7-B2AC52F1430F}.Release|Any CPU.Build.0 = Release|Any CPU
	EndGlobalSection
	GlobalSection(SolutionProperties) = preSolution
		HideSolutionNode = FALSE
	EndGlobalSection
	GlobalSection(ExtensibilityGlobals) = postSolution
		SolutionGuid = {CAAACCAF-B8D9-4842-982D-3D214CAF50A5}
	EndGlobalSection
EndGlobal
